<Solution>
  <Configurations>
    <Platform Name="x64" />
    <Platform Name="x86" />
  </Configurations>
  <Project Path="02_01_ClassWork/02_01_ClassWork.vcxproj" Id="1352792e-923c-4165-9362-478b984649d6" />
  <Project Path="02_02_PraktWork/02_02_PraktWork.vcxproj" Id="95b96d18-67c2-4797-875f-e8e1ff62f0ee" />
  <Project Path="02_03_HomeWork/02_03_HomeWork.vcxproj" Id="b99a0e72-f79b-4c05-b2a3-39886a028529" />
  <Project Path="03_01_ClassWork/03_01_ClassWork.vcxproj" Id="35f9c238-c65f-4172-910f-7335a3daab3c" />
  <Project Path="03_02_PraktWork/03_02_PraktWork.vcxproj" Id="20956c06-a39a-4f1e-82a3-4868ac8ef7f8" />
  <Project Path="03_03_HomeWork/03_03_HomeWork.vcxproj" Id="8b4682b3-d8db-4e34-8b6d-9344125d1476" />
  <Project Path="04_02_PraktWork/04_02_PraktWork.vcxproj" Id="d0716f4d-23b2-4dbe-903d-4bc73cc7beb3" />
  <Project Path="04_03_HomeWork/04_03_HomeWork.vcxproj" Id="000a0d38-9e0c-43c3-8804-d716d28ae70b" />
  <Project Path="ProjectsCpp/ProjectsCpp.vcxproj" />
</Solution>
